
Microsoft Visual Studio Solution File, Format Version 12.00
# Visual Studio 2017
Project("{FAE04EC0-301F-11D3-BF4B-00C04F79EFBC}") = "newRocheProject", "newRocheProject.csproj", "{ED3AEC22-89AB-7274-7569-3DE206D94EE0}"
EndProject
Project("{FAE04EC0-301F-11D3-BF4B-00C04F79EFBC}") = "newRocheProject.Editor", "newRocheProject.Editor.csproj", "{FA1C1D0C-A956-5118-961B-16528283391D}"
EndProject
Global
	GlobalSection(SolutionConfigurationPlatforms) = preSolution
		Debug|Any CPU = Debug|Any CPU
		Release|Any CPU = Release|Any CPU
	EndGlobalSection
	GlobalSection(ProjectConfigurationPlatforms) = postSolution
		{ED3AEC22-89AB-7274-7569-3DE206D94EE0}.Debug|Any CPU.ActiveCfg = Debug|Any CPU
		{ED3AEC22-89AB-7274-7569-3DE206D94EE0}.Debug|Any CPU.Build.0 = Debug|Any CPU
		{ED3AEC22-89AB-7274-7569-3DE206D94EE0}.Release|Any CPU.ActiveCfg = Release|Any CPU
		{ED3AEC22-89AB-7274-7569-3DE206D94EE0}.Release|Any CPU.Build.0 = Release|Any CPU
		{FA1C1D0C-A956-5118-961B-16528283391D}.Debug|Any CPU.ActiveCfg = Debug|Any CPU
		{FA1C1D0C-A956-5118-961B-16528283391D}.Debug|Any CPU.Build.0 = Debug|Any CPU
		{FA1C1D0C-A956-5118-961B-16528283391D}.Release|Any CPU.ActiveCfg = Release|Any CPU
		{FA1C1D0C-A956-5118-961B-16528283391D}.Release|Any CPU.Build.0 = Release|Any CPU
	EndGlobalSection
	GlobalSection(SolutionProperties) = preSolution
		HideSolutionNode = FALSE
	EndGlobalSection
EndGlobal
